
Microsoft Visual Studio Solution File, Format Version 12.00
# Visual Studio Version 17
VisualStudioVersion = 17.4.33205.214
MinimumVisualStudioVersion = 10.0.40219.1
Project("{FAE04EC0-301F-11D3-BF4B-00C04F79EFBC}") = "DevIO.AppMvc", "src\DevIO.AppMvc\DevIO.AppMvc.csproj", "{F4325EC5-EF9A-4D64-B2D7-84220A006547}"
EndProject
Project("{FAE04EC0-301F-11D3-BF4B-00C04F79EFBC}") = "DevIO.Infra", "src\DevIO.Infra\DevIO.Infra.csproj", "{01F6A877-3BA6-4623-9499-FABC002794AA}"
EndProject
Project("{FAE04EC0-301F-11D3-BF4B-00C04F79EFBC}") = "DevIO.Business", "src\DevIO.Business\DevIO.Business.csproj", "{9CACBF3A-520A-4433-B7B5-2698910F326C}"
EndProject
Global
	GlobalSection(SolutionConfigurationPlatforms) = preSolution
		Debug|Any CPU = Debug|Any CPU
		Release|Any CPU = Release|Any CPU
	EndGlobalSection
	GlobalSection(ProjectConfigurationPlatforms) = postSolution
		{F4325EC5-EF9A-4D64-B2D7-84220A006547}.Debug|Any CPU.ActiveCfg = Debug|Any CPU
		{F4325EC5-EF9A-4D64-B2D7-84220A006547}.Debug|Any CPU.Build.0 = Debug|Any CPU
		{F4325EC5-EF9A-4D64-B2D7-84220A006547}.Release|Any CPU.ActiveCfg = Release|Any CPU
		{F4325EC5-EF9A-4D64-B2D7-84220A006547}.Release|Any CPU.Build.0 = Release|Any CPU
		{01F6A877-3BA6-4623-9499-FABC002794AA}.Debug|Any CPU.ActiveCfg = Debug|Any CPU
		{01F6A877-3BA6-4623-9499-FABC002794AA}.Debug|Any CPU.Build.0 = Debug|Any CPU
		{01F6A877-3BA6-4623-9499-FABC002794AA}.Release|Any CPU.ActiveCfg = Release|Any CPU
		{01F6A877-3BA6-4623-9499-FABC002794AA}.Release|Any CPU.Build.0 = Release|Any CPU
		{9CACBF3A-520A-4433-B7B5-2698910F326C}.Debug|Any CPU.ActiveCfg = Debug|Any CPU
		{9CACBF3A-520A-4433-B7B5-2698910F326C}.Debug|Any CPU.Build.0 = Debug|Any CPU
		{9CACBF3A-520A-4433-B7B5-2698910F326C}.Release|Any CPU.ActiveCfg = Release|Any CPU
		{9CACBF3A-520A-4433-B7B5-2698910F326C}.Release|Any CPU.Build.0 = Release|Any CPU
	EndGlobalSection
	GlobalSection(SolutionProperties) = preSolution
		HideSolutionNode = FALSE
	EndGlobalSection
	GlobalSection(ExtensibilityGlobals) = postSolution
		SolutionGuid = {C6192E60-1150-4748-9DDB-B489684D5CEB}
	EndGlobalSection
EndGlobal
